// !$*UTF8*$!
{
	archiveVersion = 1;
	classes = {
	};
	objectVersion = 46;
	objects = {

/* Begin PBXBuildFile section */
		6594B7FD25053ECA00D788B6 /* AppDelegate.swift in Sources */ = {isa = PBXBuildFile; fileRef = 6594B7FC25053ECA00D788B6 /* AppDelegate.swift */; };
		6594B7FF25053ECA00D788B6 /* ViewController.swift in Sources */ = {isa = PBXBuildFile; fileRef = 6594B7FE25053ECA00D788B6 /* ViewController.swift */; };
		6594B80225053ECA00D788B6 /* Main.storyboard in Resources */ = {isa = PBXBuildFile; fileRef = 6594B80025053ECA00D788B6 /* Main.storyboard */; };
		6594B80425053ECA00D788B6 /* Assets.xcassets in Resources */ = {isa = PBXBuildFile; fileRef = 6594B80325053ECA00D788B6 /* Assets.xcassets */; };
		6594B80725053ECA00D788B6 /* LaunchScreen.storyboard in Resources */ = {isa = PBXBuildFile; fileRef = 6594B80525053ECA00D788B6 /* LaunchScreen.storyboard */; };
		6594B81225053ECA00D788B6 /* PlusOuMoinsIOSTests.swift in Sources */ = {isa = PBXBuildFile; fileRef = 6594B81125053ECA00D788B6 /* PlusOuMoinsIOSTests.swift */; };
		6594B81D25053ECA00D788B6 /* PlusOuMoinsIOSUITests.swift in Sources */ = {isa = PBXBuildFile; fileRef = 6594B81C25053ECA00D788B6 /* PlusOuMoinsIOSUITests.swift */; };
/* End PBXBuildFile section */

/* Begin PBXContainerItemProxy section */
		6594B80E25053ECA00D788B6 /* PBXContainerItemProxy */ = {
			isa = PBXContainerItemProxy;
			containerPortal = 6594B7F125053ECA00D788B6 /* Project object */;
			proxyType = 1;
			remoteGlobalIDString = 6594B7F825053ECA00D788B6;
			remoteInfo = PlusOuMoinsIOS;
		};
		6594B81925053ECA00D788B6 /* PBXContainerItemProxy */ = {
			isa = PBXContainerItemProxy;
			containerPortal = 6594B7F125053ECA00D788B6 /* Project object */;
			proxyType = 1;
			remoteGlobalIDString = 6594B7F825053ECA00D788B6;
			remoteInfo = PlusOuMoinsIOS;
		};
/* End PBXContainerItemProxy section */

/* Begin PBXFileReference section */
		6594B7F925053ECA00D788B6 /* PlusOuMoinsIOS.app */ = {isa = PBXFileReference; explicitFileType = wrapper.application; includeInIndex = 0; path = PlusOuMoinsIOS.app; sourceTree = BUILT_PRODUCTS_DIR; };
		6594B7FC25053ECA00D788B6 /* AppDelegate.swift */ = {isa = PBXFileReference; lastKnownFileType = sourcecode.swift; path = AppDelegate.swift; sourceTree = "<group>"; };
		6594B7FE25053ECA00D788B6 /* ViewController.swift */ = {isa = PBXFileReference; lastKnownFileType = sourcecode.swift; path = ViewController.swift; sourceTree = "<group>"; };
		6594B80125053ECA00D788B6 /* Base */ = {isa = PBXFileReference; lastKnownFileType = file.storyboard; name = Base; path = Base.lproj/Main.storyboard; sourceTree = "<group>"; };
		6594B80325053ECA00D788B6 /* Assets.xcassets */ = {isa = PBXFileReference; lastKnownFileType = folder.assetcatalog; path = Assets.xcassets; sourceTree = "<group>"; };
		6594B80625053ECA00D788B6 /* Base */ = {isa = PBXFileReference; lastKnownFileType = file.storyboard; name = Base; path = Base.lproj/LaunchScreen.storyboard; sourceTree = "<group>"; };
		6594B80825053ECA00D788B6 /* Info.plist */ = {isa = PBXFileReference; lastKnownFileType = text.plist.xml; path = Info.plist; sourceTree = "<group>"; };
		6594B80D25053ECA00D788B6 /* PlusOuMoinsIOSTests.xctest */ = {isa = PBXFileReference; explicitFileType = wrapper.cfbundle; includeInIndex = 0; path = PlusOuMoinsIOSTests.xctest; sourceTree = BUILT_PRODUCTS_DIR; };
		6594B81125053ECA00D788B6 /* PlusOuMoinsIOSTests.swift */ = {isa = PBXFileReference; lastKnownFileType = sourcecode.swift; path = PlusOuMoinsIOSTests.swift; sourceTree = "<group>"; };
		6594B81325053ECA00D788B6 /* Info.plist */ = {isa = PBXFileReference; lastKnownFileType = text.plist.xml; path = Info.plist; sourceTree = "<group>"; };
		6594B81825053ECA00D788B6 /* PlusOuMoinsIOSUITests.xctest */ = {isa = PBXFileReference; explicitFileType = wrapper.cfbundle; includeInIndex = 0; path = PlusOuMoinsIOSUITests.xctest; sourceTree = BUILT_PRODUCTS_DIR; };
		6594B81C25053ECA00D788B6 /* PlusOuMoinsIOSUITests.swift */ = {isa = PBXFileReference; lastKnownFileType = sourcecode.swift; path = PlusOuMoinsIOSUITests.swift; sourceTree = "<group>"; };
		6594B81E25053ECA00D788B6 /* Info.plist */ = {isa = PBXFileReference; lastKnownFileType = text.plist.xml; path = Info.plist; sourceTree = "<group>"; };
/* End PBXFileReference section */

/* Begin PBXFrameworksBuildPhase section */
		6594B7F625053ECA00D788B6 /* Frameworks */ = {
			isa = PBXFrameworksBuildPhase;
			buildActionMask = 2147483647;
			files = (
			);
			runOnlyForDeploymentPostprocessing = 0;
		};
		6594B80A25053ECA00D788B6 /* Frameworks */ = {
			isa = PBXFrameworksBuildPhase;
			buildActionMask = 2147483647;
			files = (
			);
			runOnlyForDeploymentPostprocessing = 0;
		};
		6594B81525053ECA00D788B6 /* Frameworks */ = {
			isa = PBXFrameworksBuildPhase;
			buildActionMask = 2147483647;
			files = (
			);
			runOnlyForDeploymentPostprocessing = 0;
		};
/* End PBXFrameworksBuildPhase section */

/* Begin PBXGroup section */
		6594B7F025053ECA00D788B6 = {
			isa = PBXGroup;
			children = (
				6594B7FB25053ECA00D788B6 /* PlusOuMoinsIOS */,
				6594B81025053ECA00D788B6 /* PlusOuMoinsIOSTests */,
				6594B81B25053ECA00D788B6 /* PlusOuMoinsIOSUITests */,
				6594B7FA25053ECA00D788B6 /* Products */,
			);
			sourceTree = "<group>";
		};
		6594B7FA25053ECA00D788B6 /* Products */ = {
			isa = PBXGroup;
			children = (
				6594B7F925053ECA00D788B6 /* PlusOuMoinsIOS.app */,
				6594B80D25053ECA00D788B6 /* PlusOuMoinsIOSTests.xctest */,
				6594B81825053ECA00D788B6 /* PlusOuMoinsIOSUITests.xctest */,
			);
			name = Products;
			sourceTree = "<group>";
		};
		6594B7FB25053ECA00D788B6 /* PlusOuMoinsIOS */ = {
			isa = PBXGroup;
			children = (
				6594B7FC25053ECA00D788B6 /* AppDelegate.swift */,
				6594B7FE25053ECA00D788B6 /* ViewController.swift */,
				6594B80025053ECA00D788B6 /* Main.storyboard */,
				6594B80325053ECA00D788B6 /* Assets.xcassets */,
				6594B80525053ECA00D788B6 /* LaunchScreen.storyboard */,
				6594B80825053ECA00D788B6 /* Info.plist */,
			);
			path = PlusOuMoinsIOS;
			sourceTree = "<group>";
		};
		6594B81025053ECA00D788B6 /* PlusOuMoinsIOSTests */ = {
			isa = PBXGroup;
			children = (
				6594B81125053ECA00D788B6 /* PlusOuMoinsIOSTests.swift */,
				6594B81325053ECA00D788B6 /* Info.plist */,
			);
			path = PlusOuMoinsIOSTests;
			sourceTree = "<group>";
		};
		6594B81B25053ECA00D788B6 /* PlusOuMoinsIOSUITests */ = {
			isa = PBXGroup;
			children = (
				6594B81C25053ECA00D788B6 /* PlusOuMoinsIOSUITests.swift */,
				6594B81E25053ECA00D788B6 /* Info.plist */,
			);
			path = PlusOuMoinsIOSUITests;
			sourceTree = "<group>";
		};
/* End PBXGroup section */

/* Begin PBXNativeTarget section */
		6594B7F825053ECA00D788B6 /* PlusOuMoinsIOS */ = {
			isa = PBXNativeTarget;
			buildConfigurationList = 6594B82125053ECA00D788B6 /* Build configuration list for PBXNativeTarget "PlusOuMoinsIOS" */;
			buildPhases = (
				6594B7F525053ECA00D788B6 /* Sources */,
				6594B7F625053ECA00D788B6 /* Frameworks */,
				6594B7F725053ECA00D788B6 /* Resources */,
			);
			buildRules = (
			);
			dependencies = (
			);
			name = PlusOuMoinsIOS;
			productName = PlusOuMoinsIOS;
			productReference = 6594B7F925053ECA00D788B6 /* PlusOuMoinsIOS.app */;
			productType = "com.apple.product-type.application";
		};
		6594B80C25053ECA00D788B6 /* PlusOuMoinsIOSTests */ = {
			isa = PBXNativeTarget;
			buildConfigurationList = 6594B82425053ECA00D788B6 /* Build configuration list for PBXNativeTarget "PlusOuMoinsIOSTests" */;
			buildPhases = (
				6594B80925053ECA00D788B6 /* Sources */,
				6594B80A25053ECA00D788B6 /* Frameworks */,
				6594B80B25053ECA00D788B6 /* Resources */,
			);
			buildRules = (
			);
			dependencies = (
				6594B80F25053ECA00D788B6 /* PBXTargetDependency */,
			);
			name = PlusOuMoinsIOSTests;
			productName = PlusOuMoinsIOSTests;
			productReference = 6594B80D25053ECA00D788B6 /* PlusOuMoinsIOSTests.xctest */;
			productType = "com.apple.product-type.bundle.unit-test";
		};
		6594B81725053ECA00D788B6 /* PlusOuMoinsIOSUITests */ = {
			isa = PBXNativeTarget;
			buildConfigurationList = 6594B82725053ECA00D788B6 /* Build configuration list for PBXNativeTarget "PlusOuMoinsIOSUITests" */;
			buildPhases = (
				6594B81425053ECA00D788B6 /* Sources */,
				6594B81525053ECA00D788B6 /* Frameworks */,
				6594B81625053ECA00D788B6 /* Resources */,
			);
			buildRules = (
			);
			dependencies = (
				6594B81A25053ECA00D788B6 /* PBXTargetDependency */,
			);
			name = PlusOuMoinsIOSUITests;
			productName = PlusOuMoinsIOSUITests;
			productReference = 6594B81825053ECA00D788B6 /* PlusOuMoinsIOSUITests.xctest */;
			productType = "com.apple.product-type.bundle.ui-testing";
		};
/* End PBXNativeTarget section */

/* Begin PBXProject section */
		6594B7F125053ECA00D788B6 /* Project object */ = {
			isa = PBXProject;
			attributes = {
				LastSwiftUpdateCheck = 0720;
				LastUpgradeCheck = 0720;
				ORGANIZATIONNAME = "Andréa";
				TargetAttributes = {
					6594B7F825053ECA00D788B6 = {
						CreatedOnToolsVersion = 7.2.1;
					};
					6594B80C25053ECA00D788B6 = {
						CreatedOnToolsVersion = 7.2.1;
						TestTargetID = 6594B7F825053ECA00D788B6;
					};
					6594B81725053ECA00D788B6 = {
						CreatedOnToolsVersion = 7.2.1;
						TestTargetID = 6594B7F825053ECA00D788B6;
					};
				};
			};
			buildConfigurationList = 6594B7F425053ECA00D788B6 /* Build configuration list for PBXProject "PlusOuMoinsIOS" */;
			compatibilityVersion = "Xcode 3.2";
			developmentRegion = English;
			hasScannedForEncodings = 0;
			knownRegions = (
				en,
				Base,
			);
			mainGroup = 6594B7F025053ECA00D788B6;
			productRefGroup = 6594B7FA25053ECA00D788B6 /* Products */;
			projectDirPath = "";
			projectRoot = "";
			targets = (
				6594B7F825053ECA00D788B6 /* PlusOuMoinsIOS */,
				6594B80C25053ECA00D788B6 /* PlusOuMoinsIOSTests */,
				6594B81725053ECA00D788B6 /* PlusOuMoinsIOSUITests */,
			);
		};
/* End PBXProject section */

/* Begin PBXResourcesBuildPhase section */
		6594B7F725053ECA00D788B6 /* Resources */ = {
			isa = PBXResourcesBuildPhase;
			buildActionMask = 2147483647;
			files = (
				6594B80725053ECA00D788B6 /* LaunchScreen.storyboard in Resources */,
				6594B80425053ECA00D788B6 /* Assets.xcassets in Resources */,
				6594B80225053ECA00D788B6 /* Main.storyboard in Resources */,
			);
			runOnlyForDeploymentPostprocessing = 0;
		};
		6594B80B25053ECA00D788B6 /* Resources */ = {
			isa = PBXResourcesBuildPhase;
			buildActionMask = 2147483647;
			files = (
			);
			runOnlyForDeploymentPostprocessing = 0;
		};
		6594B81625053ECA00D788B6 /* Resources */ = {
			isa = PBXResourcesBuildPhase;
			buildActionMask = 2147483647;
			files = (
			);
			runOnlyForDeploymentPostprocessing = 0;
		};
/* End PBXResourcesBuildPhase section */

/* Begin PBXSourcesBuildPhase section */
		6594B7F525053ECA00D788B6 /* Sources */ = {
			isa = PBXSourcesBuildPhase;
			buildActionMask = 2147483647;
			files = (
				6594B7FF25053ECA00D788B6 /* ViewController.swift in Sources */,
				6594B7FD25053ECA00D788B6 /* AppDelegate.swift in Sources */,
			);
			runOnlyForDeploymentPostprocessing = 0;
		};
		6594B80925053ECA00D788B6 /* Sources */ = {
			isa = PBXSourcesBuildPhase;
			buildActionMask = 2147483647;
			files = (
				6594B81225053ECA00D788B6 /* PlusOuMoinsIOSTests.swift in Sources */,
			);
			runOnlyForDeploymentPostprocessing = 0;
		};
		6594B81425053ECA00D788B6 /* Sources */ = {
			isa = PBXSourcesBuildPhase;
			buildActionMask = 2147483647;
			files = (
				6594B81D25053ECA00D788B6 /* PlusOuMoinsIOSUITests.swift in Sources */,
			);
			runOnlyForDeploymentPostprocessing = 0;
		};
/* End PBXSourcesBuildPhase section */

/* Begin PBXTargetDependency section */
		6594B80F25053ECA00D788B6 /* PBXTargetDependency */ = {
			isa = PBXTargetDependency;
			target = 6594B7F825053ECA00D788B6 /* PlusOuMoinsIOS */;
			targetProxy = 6594B80E25053ECA00D788B6 /* PBXContainerItemProxy */;
		};
		6594B81A25053ECA00D788B6 /* PBXTargetDependency */ = {
			isa = PBXTargetDependency;
			target = 6594B7F825053ECA00D788B6 /* PlusOuMoinsIOS */;
			targetProxy = 6594B81925053ECA00D788B6 /* PBXContainerItemProxy */;
		};
/* End PBXTargetDependency section */

/* Begin PBXVariantGroup section */
		6594B80025053ECA00D788B6 /* Main.storyboard */ = {
			isa = PBXVariantGroup;
			children = (
				6594B80125053ECA00D788B6 /* Base */,
			);
			name = Main.storyboard;
			sourceTree = "<group>";
		};
		6594B80525053ECA00D788B6 /* LaunchScreen.storyboard */ = {
			isa = PBXVariantGroup;
			children = (
				6594B80625053ECA00D788B6 /* Base */,
			);
			name = LaunchScreen.storyboard;
			sourceTree = "<group>";
		};
/* End PBXVariantGroup section */

/* Begin XCBuildConfiguration section */
		6594B81F25053ECA00D788B6 /* Debug */ = {
			isa = XCBuildConfiguration;
			buildSettings = {
				ALWAYS_SEARCH_USER_PATHS = NO;
				CLANG_CXX_LANGUAGE_STANDARD = "gnu++0x";
				CLANG_CXX_LIBRARY = "libc++";
				CLANG_ENABLE_MODULES = YES;
				CLANG_ENABLE_OBJC_ARC = YES;
				CLANG_WARN_BOOL_CONVERSION = YES;
				CLANG_WARN_CONSTANT_CONVERSION = YES;
				CLANG_WARN_DIRECT_OBJC_ISA_USAGE = YES_ERROR;
				CLANG_WARN_EMPTY_BODY = YES;
				CLANG_WARN_ENUM_CONVERSION = YES;
				CLANG_WARN_INT_CONVERSION = YES;
				CLANG_WARN_OBJC_ROOT_CLASS = YES_ERROR;
				CLANG_WARN_UNREACHABLE_CODE = YES;
				CLANG_WARN__DUPLICATE_METHOD_MATCH = YES;
				"CODE_SIGN_IDENTITY[sdk=iphoneos*]" = "iPhone Developer";
				COPY_PHASE_STRIP = NO;
				DEBUG_INFORMATION_FORMAT = dwarf;
				ENABLE_STRICT_OBJC_MSGSEND = YES;
				ENABLE_TESTABILITY = YES;
				GCC_C_LANGUAGE_STANDARD = gnu99;
				GCC_DYNAMIC_NO_PIC = NO;
				GCC_NO_COMMON_BLOCKS = YES;
				GCC_OPTIMIZATION_LEVEL = 0;
				GCC_PREPROCESSOR_DEFINITIONS = (
					"DEBUG=1",
					"$(inherited)",
				);
				GCC_WARN_64_TO_32_BIT_CONVERSION = YES;
				GCC_WARN_ABOUT_RETURN_TYPE = YES_ERROR;
				GCC_WARN_UNDECLARED_SELECTOR = YES;
				GCC_WARN_UNINITIALIZED_AUTOS = YES_AGGRESSIVE;
				GCC_WARN_UNUSED_FUNCTION = YES;
				GCC_WARN_UNUSED_VARIABLE = YES;
				IPHONEOS_DEPLOYMENT_TARGET = 9.2;
				MTL_ENABLE_DEBUG_INFO = YES;
				ONLY_ACTIVE_ARCH = YES;
				SDKROOT = iphoneos;
				SWIFT_OPTIMIZATION_LEVEL = "-Onone";
				TARGETED_DEVICE_FAMILY = "1,2";
			};
			name = Debug;
		};
		6594B82025053ECA00D788B6 /* Release */ = {
			isa = XCBuildConfiguration;
			buildSettings = {
				ALWAYS_SEARCH_USER_PATHS = NO;
				CLANG_CXX_LANGUAGE_STANDARD = "gnu++0x";
				CLANG_CXX_LIBRARY = "libc++";
				CLANG_ENABLE_MODULES = YES;
				CLANG_ENABLE_OBJC_ARC = YES;
				CLANG_WARN_BOOL_CONVERSION = YES;
				CLANG_WARN_CONSTANT_CONVERSION = YES;
				CLANG_WARN_DIRECT_OBJC_ISA_USAGE = YES_ERROR;
				CLANG_WARN_EMPTY_BODY = YES;
				CLANG_WARN_ENUM_CONVERSION = YES;
				CLANG_WARN_INT_CONVERSION = YES;
				CLANG_WARN_OBJC_ROOT_CLASS = YES_ERROR;
				CLANG_WARN_UNREACHABLE_CODE = YES;
				CLANG_WARN__DUPLICATE_METHOD_MATCH = YES;
				"CODE_SIGN_IDENTITY[sdk=iphoneos*]" = "iPhone Developer";
				COPY_PHASE_STRIP = NO;
				DEBUG_INFORMATION_FORMAT = "dwarf-with-dsym";
				ENABLE_NS_ASSERTIONS = NO;
				ENABLE_STRICT_OBJC_MSGSEND = YES;
				GCC_C_LANGUAGE_STANDARD = gnu99;
				GCC_NO_COMMON_BLOCKS = YES;
				GCC_WARN_64_TO_32_BIT_CONVERSION = YES;
				GCC_WARN_ABOUT_RETURN_TYPE = YES_ERROR;
				GCC_WARN_UNDECLARED_SELECTOR = YES;
				GCC_WARN_UNINITIALIZED_AUTOS = YES_AGGRESSIVE;
				GCC_WARN_UNUSED_FUNCTION = YES;
				GCC_WARN_UNUSED_VARIABLE = YES;
				IPHONEOS_DEPLOYMENT_TARGET = 9.2;
				MTL_ENABLE_DEBUG_INFO = NO;
				SDKROOT = iphoneos;
				TARGETED_DEVICE_FAMILY = "1,2";
				VALIDATE_PRODUCT = YES;
			};
			name = Release;
		};
		6594B82225053ECA00D788B6 /* Debug */ = {
			isa = XCBuildConfiguration;
			buildSettings = {
				ASSETCATALOG_COMPILER_APPICON_NAME = AppIcon;
				INFOPLIST_FILE = PlusOuMoinsIOS/Info.plist;
				LD_RUNPATH_SEARCH_PATHS = "$(inherited) @executable_path/Frameworks";
				PRODUCT_BUNDLE_IDENTIFIER = Me.PlusOuMoinsIOS;
				PRODUCT_NAME = "$(TARGET_NAME)";
			};
			name = Debug;
		};
		6594B82325053ECA00D788B6 /* Release */ = {
			isa = XCBuildConfiguration;
			buildSettings = {
				ASSETCATALOG_COMPILER_APPICON_NAME = AppIcon;
				INFOPLIST_FILE = PlusOuMoinsIOS/Info.plist;
				LD_RUNPATH_SEARCH_PATHS = "$(inherited) @executable_path/Frameworks";
				PRODUCT_BUNDLE_IDENTIFIER = Me.PlusOuMoinsIOS;
				PRODUCT_NAME = "$(TARGET_NAME)";
			};
			name = Release;
		};
		6594B82525053ECA00D788B6 /* Debug */ = {
			isa = XCBuildConfiguration;
			buildSettings = {
				BUNDLE_LOADER = "$(TEST_HOST)";
				INFOPLIST_FILE = PlusOuMoinsIOSTests/Info.plist;
				LD_RUNPATH_SEARCH_PATHS = "$(inherited) @executable_path/Frameworks @loader_path/Frameworks";
				PRODUCT_BUNDLE_IDENTIFIER = Me.PlusOuMoinsIOSTests;
				PRODUCT_NAME = "$(TARGET_NAME)";
				TEST_HOST = "$(BUILT_PRODUCTS_DIR)/PlusOuMoinsIOS.app/PlusOuMoinsIOS";
			};
			name = Debug;
		};
		6594B82625053ECA00D788B6 /* Release */ = {
			isa = XCBuildConfiguration;
			buildSettings = {
				BUNDLE_LOADER = "$(TEST_HOST)";
				INFOPLIST_FILE = PlusOuMoinsIOSTests/Info.plist;
				LD_RUNPATH_SEARCH_PATHS = "$(inherited) @executable_path/Frameworks @loader_path/Frameworks";
				PRODUCT_BUNDLE_IDENTIFIER = Me.PlusOuMoinsIOSTests;
				PRODUCT_NAME = "$(TARGET_NAME)";
				TEST_HOST = "$(BUILT_PRODUCTS_DIR)/PlusOuMoinsIOS.app/PlusOuMoinsIOS";
			};
			name = Release;
		};
		6594B82825053ECA00D788B6 /* Debug */ = {
			isa = XCBuildConfiguration;
			buildSettings = {
				INFOPLIST_FILE = PlusOuMoinsIOSUITests/Info.plist;
				LD_RUNPATH_SEARCH_PATHS = "$(inherited) @executable_path/Frameworks @loader_path/Frameworks";
				PRODUCT_BUNDLE_IDENTIFIER = Me.PlusOuMoinsIOSUITests;
				PRODUCT_NAME = "$(TARGET_NAME)";
				TEST_TARGET_NAME = PlusOuMoinsIOS;
				USES_XCTRUNNER = YES;
			};
			name = Debug;
		};
		6594B82925053ECA00D788B6 /* Release */ = {
			isa = XCBuildConfiguration;
			buildSettings = {
				INFOPLIST_FILE = PlusOuMoinsIOSUITests/Info.plist;
				LD_RUNPATH_SEARCH_PATHS = "$(inherited) @executable_path/Frameworks @loader_path/Frameworks";
				PRODUCT_BUNDLE_IDENTIFIER = Me.PlusOuMoinsIOSUITests;
				PRODUCT_NAME = "$(TARGET_NAME)";
				TEST_TARGET_NAME = PlusOuMoinsIOS;
				USES_XCTRUNNER = YES;
			};
			name = Release;
		};
/* End XCBuildConfiguration section */

/* Begin XCConfigurationList section */
		6594B7F425053ECA00D788B6 /* Build configuration list for PBXProject "PlusOuMoinsIOS" */ = {
			isa = XCConfigurationList;
			buildConfigurations = (
				6594B81F25053ECA00D788B6 /* Debug */,
				6594B82025053ECA00D788B6 /* Release */,
			);
			defaultConfigurationIsVisible = 0;
			defaultConfigurationName = Release;
		};
		6594B82125053ECA00D788B6 /* Build configuration list for PBXNativeTarget "PlusOuMoinsIOS" */ = {
			isa = XCConfigurationList;
			buildConfigurations = (
				6594B82225053ECA00D788B6 /* Debug */,
				6594B82325053ECA00D788B6 /* Release */,
			);
			defaultConfigurationIsVisible = 0;
		};
		6594B82425053ECA00D788B6 /* Build configuration list for PBXNativeTarget "PlusOuMoinsIOSTests" */ = {
			isa = XCConfigurationList;
			buildConfigurations = (
				6594B82525053ECA00D788B6 /* Debug */,
				6594B82625053ECA00D788B6 /* Release */,
			);
			defaultConfigurationIsVisible = 0;
		};
		6594B82725053ECA00D788B6 /* Build configuration list for PBXNativeTarget "PlusOuMoinsIOSUITests" */ = {
			isa = XCConfigurationList;
			buildConfigurations = (
				6594B82825053ECA00D788B6 /* Debug */,
				6594B82925053ECA00D788B6 /* Release */,
			);
			defaultConfigurationIsVisible = 0;
		};
/* End XCConfigurationList section */
	};
	rootObject = 6594B7F125053ECA00D788B6 /* Project object */;
}
